
Microsoft Visual Studio Solution File, Format Version 12.00
Project("{FAE04EC0-301F-11D3-BF4B-00C04F79EFBC}") = "Telegram.Utils", "Telegram.Utils\Telegram.Utils.csproj", "{C82279B7-36BC-442F-9BFD-73A03CE69BD9}"
EndProject
Project("{FAE04EC0-301F-11D3-BF4B-00C04F79EFBC}") = "Telegram.Utils.Tests", "Telegram.Utils.Tests\Telegram.Utils.Tests.csproj", "{600AECBA-B95B-432D-8CB5-EE9A4967BA15}"
EndProject
Global
	GlobalSection(SolutionConfigurationPlatforms) = preSolution
		Debug|Any CPU = Debug|Any CPU
		Release|Any CPU = Release|Any CPU
	EndGlobalSection
	GlobalSection(ProjectConfigurationPlatforms) = postSolution
		{C82279B7-36BC-442F-9BFD-73A03CE69BD9}.Debug|Any CPU.ActiveCfg = Debug|Any CPU
		{C82279B7-36BC-442F-9BFD-73A03CE69BD9}.Debug|Any CPU.Build.0 = Debug|Any CPU
		{C82279B7-36BC-442F-9BFD-73A03CE69BD9}.Release|Any CPU.ActiveCfg = Release|Any CPU
		{C82279B7-36BC-442F-9BFD-73A03CE69BD9}.Release|Any CPU.Build.0 = Release|Any CPU
		{600AECBA-B95B-432D-8CB5-EE9A4967BA15}.Debug|Any CPU.ActiveCfg = Debug|Any CPU
		{600AECBA-B95B-432D-8CB5-EE9A4967BA15}.Debug|Any CPU.Build.0 = Debug|Any CPU
		{600AECBA-B95B-432D-8CB5-EE9A4967BA15}.Release|Any CPU.ActiveCfg = Release|Any CPU
		{600AECBA-B95B-432D-8CB5-EE9A4967BA15}.Release|Any CPU.Build.0 = Release|Any CPU
	EndGlobalSection
EndGlobal
